PODS:
  - MJExtension (3.4.1)
  - MJRefresh (3.7.5)
  - SDWebImage (5.18.11):
    - SDWebImage/Core (= 5.18.11)
  - SDWebImage/Core (5.18.11)
  - SnapKit (5.7.1)
  - SSZipArchive (2.4.3)
  - TIMAppKit_Swift (8.5.6870):
    - SnapKit
    - TIMCommon_Swift
    - TUIChat_Swift
    - TUIContact_Swift
    - TUIConversation_Swift
    - TUICore
  - TIMCommon_Swift (8.5.6870):
    - SDWebImage
    - SnapKit
    - TUICore
  - TIMPush (8.4.6667)
  - TUICallEngine/Professional (2.7.0.1145):
    - TXIMSDK_Plus_iOS_XCFramework (>= 8.3.6498)
    - TXLiteAVSDK_Professional (>= 11.7.12001)
  - TUICallKit_Swift/Professional (2.7.0.1145):
    - SnapKit
    - TUICallEngine/Professional (~> 2.7.0.1145)
    - TUICore (>= 8.4.6667)
    - TXLiteAVSDK_Professional
  - TUIChat_Swift (8.5.6870):
    - SDWebImage
    - SnapKit
    - TIMCommon_Swift
    - TUICore
  - TUIContact_Swift (8.5.6870):
    - SnapKit
    - TIMCommon_Swift
    - TUICore
  - TUIConversation_Swift (8.5.6870):
    - SnapKit
    - TIMCommon_Swift
    - TUICore
  - TUICore (8.5.6870):
    - SDWebImage
    - TUICore/ImSDK_Plus (= 8.5.6870)
  - TUICore/Base (8.5.6870):
    - SDWebImage
  - TUICore/ImSDK_Plus (8.5.6870):
    - SDWebImage
    - TUICore/Base
    - TXIMSDK_Plus_iOS_XCFramework
  - TUISearch_Swift (8.5.6870):
    - SnapKit
    - TIMCommon_Swift
    - TUICore
  - TUITranslationPlugin_Swift (8.5.6870):
    - TIMCommon_Swift
    - TUIChat_Swift
    - TUICore
  - TUIVoiceToTextPlugin_Swift (8.5.6870):
    - TIMCommon_Swift
    - TUIChat_Swift
    - TUICore
  - TXIMSDK_Plus_iOS_XCFramework (8.5.6870)
  - TXLiteAVSDK_Professional (12.2.16956):
    - TXLiteAVSDK_Professional/Professional (= 12.2.16956)
  - TXLiteAVSDK_Professional/Professional (12.2.16956)

DEPENDENCIES:
  - MJExtension (= 3.4.1)
  - MJRefresh (= 3.7.5)
  - SDWebImage (= 5.18.11)
  - SnapKit (= 5.7.1)
  - SSZipArchive (= 2.4.3)
  - TIMAppKit_Swift (from `../TUIKit/TIMAppKit`)
  - TIMCommon_Swift (from `../TUIKit/TIMCommon`)
  - TIMPush (= 8.4.6667)
  - TUICallKit_Swift/Professional
  - TUIChat_Swift (from `../TUIKit/TUIChat`)
  - TUIContact_Swift (from `../TUIKit/TUIContact`)
  - TUIConversation_Swift (from `../TUIKit/TUIConversation`)
  - TUICore (from `../TUIKit/TUICore`)
  - TUISearch_Swift (from `../TUIKit/TUISearch`)
  - TUITranslationPlugin_Swift (from `../TUIKit/TUITranslationPlugin`)
  - TUIVoiceToTextPlugin_Swift (from `../TUIKit/TUIVoiceToTextPlugin`)
  - TXIMSDK_Plus_iOS_XCFramework (= 8.5.6870)
  - TXLiteAVSDK_Professional (~> 12.2.16945)

SPEC REPOS:
  trunk:
    - MJExtension
    - MJRefresh
    - SDWebImage
    - SnapKit
    - SSZipArchive
    - TIMPush
    - TUICallEngine
    - TUICallKit_Swift
    - TXIMSDK_Plus_iOS_XCFramework
    - TXLiteAVSDK_Professional

EXTERNAL SOURCES:
  TIMAppKit_Swift:
    :path: "../TUIKit/TIMAppKit"
  TIMCommon_Swift:
    :path: "../TUIKit/TIMCommon"
  TUIChat_Swift:
    :path: "../TUIKit/TUIChat"
  TUIContact_Swift:
    :path: "../TUIKit/TUIContact"
  TUIConversation_Swift:
    :path: "../TUIKit/TUIConversation"
  TUICore:
    :path: "../TUIKit/TUICore"
  TUISearch_Swift:
    :path: "../TUIKit/TUISearch"
  TUITranslationPlugin_Swift:
    :path: "../TUIKit/TUITranslationPlugin"
  TUIVoiceToTextPlugin_Swift:
    :path: "../TUIKit/TUIVoiceToTextPlugin"

SPEC CHECKSUMS:
  MJExtension: 21c5f6f8c4d5d8844b7ae8fbae08fed0b501f961
  MJRefresh: fdf5e979eb406a0341468932d1dfc8b7f9fce961
  SDWebImage: a3ba0b8faac7228c3c8eadd1a55c9c9fe5e16457
  SnapKit: d612e99e678a2d3b95bf60b0705ed0a35c03484a
  SSZipArchive: fe6a26b2a54d5a0890f2567b5cc6de5caa600aef
  TIMAppKit_Swift: 71b2092723d6069a5a21e41a3b07854afee61630
  TIMCommon_Swift: 16e4c8c2a611d510d891394f28e80a789c9eb496
  TIMPush: 18a92b151f71d6cf26fc8e947c96899008dcc139
  TUICallEngine: a8e4259713a67cc5ca62971645ffc479930678bb
  TUICallKit_Swift: e51da51aafdd198e3eb04e539d76546225838fa2
  TUIChat_Swift: 05d07eac758237eeb0a97ec31d2737ca91a339f6
  TUIContact_Swift: fbb5bdaa628030efe09e6871ae5b70e2d2f5cd42
  TUIConversation_Swift: 372eec5f9d0a4137177b6fb53b75d06498192ccb
  TUICore: e5bc3b992315abd0ee63b2903e7aa24355e13f40
  TUISearch_Swift: 781750146feed1c9b78047d709c7f614bbdea18b
  TUITranslationPlugin_Swift: 28b7eaf7898fbd676d686a8948388770749153cb
  TUIVoiceToTextPlugin_Swift: cdcb003388c80b0b2f18bab14c4de1da3a90f821
  TXIMSDK_Plus_iOS_XCFramework: ae200b67e618fef504947de6551b127d35b18d67
  TXLiteAVSDK_Professional: 3cd7a567b5454c67299dc82599f77c9d5d7284bb

PODFILE CHECKSUM: 3790f81ae20231fd7d1a6107a6ca1314ad15ebed

COCOAPODS: 1.15.2
